<?xml version="1.0" encoding="utf-8"?>
<Project ToolsVersion="4.0" xmlns="http://schemas.microsoft.com/developer/msbuild/2003">
  <ItemGroup>
    <Filter Include="Resource Files">
      <UniqueIdentifier>{67DA6AB6-F800-4c08-8B7A-83BB121AAD01}</UniqueIdentifier>
      <Extensions>rc;ico;cur;bmp;dlg;rc2;rct;bin;rgs;gif;jpg;jpeg;jpe;resx;tiff;tif;png;wav;mfcribbon-ms</Extensions>
    </Filter>
    <Filter Include="FrameWork">
      <UniqueIdentifier>{4082bdfb-5745-4916-8403-58be6d981bce}</UniqueIdentifier>
    </Filter>
    <Filter Include="Game">
      <UniqueIdentifier>{0bc8853f-ee62-4ad8-8a4b-26768f8846b3}</UniqueIdentifier>
    </Filter>
    <Filter Include="WinMain">
      <UniqueIdentifier>{7d39dec8-7f8e-4e9d-b091-d005312c5909}</UniqueIdentifier>
    </Filter>
    <Filter Include="Utils">
      <UniqueIdentifier>{3d0a8537-6548-4bd1-93da-06d3e265d92e}</UniqueIdentifier>
    </Filter>
    <Filter Include="FrameWork\Sound">
      <UniqueIdentifier>{7205ba17-0871-44b5-a9a8-84c298ad8cdf}</UniqueIdentifier>
    </Filter>
    <Filter Include="FrameWork\Camera">
      <UniqueIdentifier>{20a531ec-1814-4bef-924c-4cb850fc992a}</UniqueIdentifier>
    </Filter>
    <Filter Include="Object">
      <UniqueIdentifier>{0bce5ec6-f093-4861-830e-690ea37d1b1c}</UniqueIdentifier>
    </Filter>
    <Filter Include="Map">
      <UniqueIdentifier>{71197a6f-3021-41bd-a470-4acaa7e8a2ac}</UniqueIdentifier>
    </Filter>
  </ItemGroup>
  <ItemGroup>
    <ClCompile Include="Game.cpp">
      <Filter>Game</Filter>
    </ClCompile>
    <ClCompile Include="Utils.cpp">
      <Filter>Utils</Filter>
    </ClCompile>
    <ClCompile Include="Global.cpp">
      <Filter>Utils</Filter>
    </ClCompile>
    <ClCompile Include="main.cpp">
      <Filter>WinMain</Filter>
    </ClCompile>
    <ClCompile Include="dsutil.cpp">
      <Filter>FrameWork\Sound</Filter>
    </ClCompile>
    <ClCompile Include="SceneMain.cpp">
      <Filter>Game</Filter>
    </ClCompile>
    <ClCompile Include="GTexture.cpp">
      <Filter>FrameWork</Filter>
    </ClCompile>
    <ClCompile Include="GSprite.cpp">
      <Filter>FrameWork</Filter>
    </ClCompile>
    <ClCompile Include="GAudio.cpp">
      <Filter>FrameWork\Sound</Filter>
    </ClCompile>
    <ClCompile Include="GCamera.cpp">
      <Filter>FrameWork\Camera</Filter>
    </ClCompile>
    <ClCompile Include="Simon.cpp">
      <Filter>Object</Filter>
    </ClCompile>
    <ClCompile Include="Object.cpp">
      <Filter>Object</Filter>
    </ClCompile>
    <ClCompile Include="Map.cpp">
      <Filter>Map</Filter>
    </ClCompile>
    <ClCompile Include="Bat.cpp">
      <Filter>Object</Filter>
    </ClCompile>
    <ClCompile Include="IronMan.cpp">
      <Filter>Object</Filter>
    </ClCompile>
    <ClCompile Include="Medusa.cpp">
      <Filter>Object</Filter>
    </ClCompile>
    <ClCompile Include="Weapon.cpp">
      <Filter>Object</Filter>
    </ClCompile>
    <ClCompile Include="MorningStar.cpp">
      <Filter>Object</Filter>
    </ClCompile>
  </ItemGroup>
  <ItemGroup>
    <ClInclude Include="Game.h">
      <Filter>Game</Filter>
    </ClInclude>
    <ClInclude Include="Utils.h">
      <Filter>Utils</Filter>
    </ClInclude>
    <ClInclude Include="Global.h">
      <Filter>Utils</Filter>
    </ClInclude>
    <ClInclude Include="dsutil.h">
      <Filter>FrameWork\Sound</Filter>
    </ClInclude>
    <ClInclude Include="dxutil.h">
      <Filter>FrameWork\Sound</Filter>
    </ClInclude>
    <ClInclude Include="SceneMain.h">
      <Filter>Game</Filter>
    </ClInclude>
    <ClInclude Include="GTexture.h">
      <Filter>FrameWork</Filter>
    </ClInclude>
    <ClInclude Include="GSprite.h">
      <Filter>FrameWork</Filter>
    </ClInclude>
    <ClInclude Include="GAudio.h">
      <Filter>FrameWork\Sound</Filter>
    </ClInclude>
    <ClInclude Include="GCamera.h">
      <Filter>FrameWork\Camera</Filter>
    </ClInclude>
    <ClInclude Include="Simon.h">
      <Filter>Object</Filter>
    </ClInclude>
    <ClInclude Include="Object.h">
      <Filter>Object</Filter>
    </ClInclude>
    <ClInclude Include="Map.h">
      <Filter>Map</Filter>
    </ClInclude>
    <ClInclude Include="Bat.h">
      <Filter>Object</Filter>
    </ClInclude>
    <ClInclude Include="IronMan.h">
      <Filter>Object</Filter>
    </ClInclude>
    <ClInclude Include="Medusa.h">
      <Filter>Object</Filter>
    </ClInclude>
    <ClInclude Include="Weapon.h">
      <Filter>Object</Filter>
    </ClInclude>
    <ClInclude Include="MorningStar.h">
      <Filter>Object</Filter>
    </ClInclude>
  </ItemGroup>
</Project>